// !$*UTF8*$!
{
	archiveVersion = 1;
	classes = {
	};
	objectVersion = 50;
	objects = {

/* Begin PBXBuildFile section */
		52F8E10D21DF41D2001809E8 /* AppDelegate.swift in Sources */ = {isa = PBXBuildFile; fileRef = 52F8E10C21DF41D2001809E8 /* AppDelegate.swift */; };
		52F8E10F21DF41D2001809E8 /* ViewController.swift in Sources */ = {isa = PBXBuildFile; fileRef = 52F8E10E21DF41D2001809E8 /* ViewController.swift */; };
		52F8E11221DF41D2001809E8 /* Main.storyboard in Resources */ = {isa = PBXBuildFile; fileRef = 52F8E11021DF41D2001809E8 /* Main.storyboard */; };
		52F8E11421DF41D8001809E8 /* Assets.xcassets in Resources */ = {isa = PBXBuildFile; fileRef = 52F8E11321DF41D8001809E8 /* Assets.xcassets */; };
		52F8E11721DF41D8001809E8 /* LaunchScreen.storyboard in Resources */ = {isa = PBXBuildFile; fileRef = 52F8E11521DF41D8001809E8 /* LaunchScreen.storyboard */; };
		52F8E12221DF41D9001809E8 /* MyBrowserAppTests.swift in Sources */ = {isa = PBXBuildFile; fileRef = 52F8E12121DF41D9001809E8 /* MyBrowserAppTests.swift */; };
		52F8E12D21DF41D9001809E8 /* MyBrowserAppUITests.swift in Sources */ = {isa = PBXBuildFile; fileRef = 52F8E12C21DF41D9001809E8 /* MyBrowserAppUITests.swift */; };
/* End PBXBuildFile section */

/* Begin PBXContainerItemProxy section */
		52F8E11E21DF41D9001809E8 /* PBXContainerItemProxy */ = {
			isa = PBXContainerItemProxy;
			containerPortal = 52F8E10121DF41D2001809E8 /* Project object */;
			proxyType = 1;
			remoteGlobalIDString = 52F8E10821DF41D2001809E8;
			remoteInfo = MyBrowserApp;
		};
		52F8E12921DF41D9001809E8 /* PBXContainerItemProxy */ = {
			isa = PBXContainerItemProxy;
			containerPortal = 52F8E10121DF41D2001809E8 /* Project object */;
			proxyType = 1;
			remoteGlobalIDString = 52F8E10821DF41D2001809E8;
			remoteInfo = MyBrowserApp;
		};
/* End PBXContainerItemProxy section */

/* Begin PBXFileReference section */
		52F8E10921DF41D2001809E8 /* MyBrowserApp.app */ = {isa = PBXFileReference; explicitFileType = wrapper.application; includeInIndex = 0; path = MyBrowserApp.app; sourceTree = BUILT_PRODUCTS_DIR; };
		52F8E10C21DF41D2001809E8 /* AppDelegate.swift */ = {isa = PBXFileReference; lastKnownFileType = sourcecode.swift; path = AppDelegate.swift; sourceTree = "<group>"; };
		52F8E10E21DF41D2001809E8 /* ViewController.swift */ = {isa = PBXFileReference; lastKnownFileType = sourcecode.swift; path = ViewController.swift; sourceTree = "<group>"; };
		52F8E11121DF41D2001809E8 /* Base */ = {isa = PBXFileReference; lastKnownFileType = file.storyboard; name = Base; path = Base.lproj/Main.storyboard; sourceTree = "<group>"; };
		52F8E11321DF41D8001809E8 /* Assets.xcassets */ = {isa = PBXFileReference; lastKnownFileType = folder.assetcatalog; path = Assets.xcassets; sourceTree = "<group>"; };
		52F8E11621DF41D8001809E8 /* Base */ = {isa = PBXFileReference; lastKnownFileType = file.storyboard; name = Base; path = Base.lproj/LaunchScreen.storyboard; sourceTree = "<group>"; };
		52F8E11821DF41D8001809E8 /* Info.plist */ = {isa = PBXFileReference; lastKnownFileType = text.plist.xml; path = Info.plist; sourceTree = "<group>"; };
		52F8E11D21DF41D9001809E8 /* MyBrowserAppTests.xctest */ = {isa = PBXFileReference; explicitFileType = wrapper.cfbundle; includeInIndex = 0; path = MyBrowserAppTests.xctest; sourceTree = BUILT_PRODUCTS_DIR; };
		52F8E12121DF41D9001809E8 /* MyBrowserAppTests.swift */ = {isa = PBXFileReference; lastKnownFileType = sourcecode.swift; path = MyBrowserAppTests.swift; sourceTree = "<group>"; };
		52F8E12321DF41D9001809E8 /* Info.plist */ = {isa = PBXFileReference; lastKnownFileType = text.plist.xml; path = Info.plist; sourceTree = "<group>"; };
		52F8E12821DF41D9001809E8 /* MyBrowserAppUITests.xctest */ = {isa = PBXFileReference; explicitFileType = wrapper.cfbundle; includeInIndex = 0; path = MyBrowserAppUITests.xctest; sourceTree = BUILT_PRODUCTS_DIR; };
		52F8E12C21DF41D9001809E8 /* MyBrowserAppUITests.swift */ = {isa = PBXFileReference; lastKnownFileType = sourcecode.swift; path = MyBrowserAppUITests.swift; sourceTree = "<group>"; };
		52F8E12E21DF41D9001809E8 /* Info.plist */ = {isa = PBXFileReference; lastKnownFileType = text.plist.xml; path = Info.plist; sourceTree = "<group>"; };
/* End PBXFileReference section */

/* Begin PBXFrameworksBuildPhase section */
		52F8E10621DF41D2001809E8 /* Frameworks */ = {
			isa = PBXFrameworksBuildPhase;
			buildActionMask = 2147483647;
			files = (
			);
			runOnlyForDeploymentPostprocessing = 0;
		};
		52F8E11A21DF41D9001809E8 /* Frameworks */ = {
			isa = PBXFrameworksBuildPhase;
			buildActionMask = 2147483647;
			files = (
			);
			runOnlyForDeploymentPostprocessing = 0;
		};
		52F8E12521DF41D9001809E8 /* Frameworks */ = {
			isa = PBXFrameworksBuildPhase;
			buildActionMask = 2147483647;
			files = (
			);
			runOnlyForDeploymentPostprocessing = 0;
		};
/* End PBXFrameworksBuildPhase section */

/* Begin PBXGroup section */
		52F8E10021DF41D2001809E8 = {
			isa = PBXGroup;
			children = (
				52F8E10B21DF41D2001809E8 /* MyBrowserApp */,
				52F8E12021DF41D9001809E8 /* MyBrowserAppTests */,
				52F8E12B21DF41D9001809E8 /* MyBrowserAppUITests */,
				52F8E10A21DF41D2001809E8 /* Products */,
			);
			sourceTree = "<group>";
		};
		52F8E10A21DF41D2001809E8 /* Products */ = {
			isa = PBXGroup;
			children = (
				52F8E10921DF41D2001809E8 /* MyBrowserApp.app */,
				52F8E11D21DF41D9001809E8 /* MyBrowserAppTests.xctest */,
				52F8E12821DF41D9001809E8 /* MyBrowserAppUITests.xctest */,
			);
			name = Products;
			sourceTree = "<group>";
		};
		52F8E10B21DF41D2001809E8 /* MyBrowserApp */ = {
			isa = PBXGroup;
			children = (
				52F8E10C21DF41D2001809E8 /* AppDelegate.swift */,
				52F8E10E21DF41D2001809E8 /* ViewController.swift */,
				52F8E11021DF41D2001809E8 /* Main.storyboard */,
				52F8E11321DF41D8001809E8 /* Assets.xcassets */,
				52F8E11521DF41D8001809E8 /* LaunchScreen.storyboard */,
				52F8E11821DF41D8001809E8 /* Info.plist */,
			);
			path = MyBrowserApp;
			sourceTree = "<group>";
		};
		52F8E12021DF41D9001809E8 /* MyBrowserAppTests */ = {
			isa = PBXGroup;
			children = (
				52F8E12121DF41D9001809E8 /* MyBrowserAppTests.swift */,
				52F8E12321DF41D9001809E8 /* Info.plist */,
			);
			path = MyBrowserAppTests;
			sourceTree = "<group>";
		};
		52F8E12B21DF41D9001809E8 /* MyBrowserAppUITests */ = {
			isa = PBXGroup;
			children = (
				52F8E12C21DF41D9001809E8 /* MyBrowserAppUITests.swift */,
				52F8E12E21DF41D9001809E8 /* Info.plist */,
			);
			path = MyBrowserAppUITests;
			sourceTree = "<group>";
		};
/* End PBXGroup section */

/* Begin PBXNativeTarget section */
		52F8E10821DF41D2001809E8 /* MyBrowserApp */ = {
			isa = PBXNativeTarget;
			buildConfigurationList = 52F8E13121DF41D9001809E8 /* Build configuration list for PBXNativeTarget "MyBrowserApp" */;
			buildPhases = (
				52F8E10521DF41D2001809E8 /* Sources */,
				52F8E10621DF41D2001809E8 /* Frameworks */,
				52F8E10721DF41D2001809E8 /* Resources */,
			);
			buildRules = (
			);
			dependencies = (
			);
			name = MyBrowserApp;
			productName = MyBrowserApp;
			productReference = 52F8E10921DF41D2001809E8 /* MyBrowserApp.app */;
			productType = "com.apple.product-type.application";
		};
		52F8E11C21DF41D9001809E8 /* MyBrowserAppTests */ = {
			isa = PBXNativeTarget;
			buildConfigurationList = 52F8E13421DF41D9001809E8 /* Build configuration list for PBXNativeTarget "MyBrowserAppTests" */;
			buildPhases = (
				52F8E11921DF41D9001809E8 /* Sources */,
				52F8E11A21DF41D9001809E8 /* Frameworks */,
				52F8E11B21DF41D9001809E8 /* Resources */,
			);
			buildRules = (
			);
			dependencies = (
				52F8E11F21DF41D9001809E8 /* PBXTargetDependency */,
			);
			name = MyBrowserAppTests;
			productName = MyBrowserAppTests;
			productReference = 52F8E11D21DF41D9001809E8 /* MyBrowserAppTests.xctest */;
			productType = "com.apple.product-type.bundle.unit-test";
		};
		52F8E12721DF41D9001809E8 /* MyBrowserAppUITests */ = {
			isa = PBXNativeTarget;
			buildConfigurationList = 52F8E13721DF41D9001809E8 /* Build configuration list for PBXNativeTarget "MyBrowserAppUITests" */;
			buildPhases = (
				52F8E12421DF41D9001809E8 /* Sources */,
				52F8E12521DF41D9001809E8 /* Frameworks */,
				52F8E12621DF41D9001809E8 /* Resources */,
			);
			buildRules = (
			);
			dependencies = (
				52F8E12A21DF41D9001809E8 /* PBXTargetDependency */,
			);
			name = MyBrowserAppUITests;
			productName = MyBrowserAppUITests;
			productReference = 52F8E12821DF41D9001809E8 /* MyBrowserAppUITests.xctest */;
			productType = "com.apple.product-type.bundle.ui-testing";
		};
/* End PBXNativeTarget section */

/* Begin PBXProject section */
		52F8E10121DF41D2001809E8 /* Project object */ = {
			isa = PBXProject;
			attributes = {
				LastSwiftUpdateCheck = 1010;
				LastUpgradeCheck = 1010;
				ORGANIZATIONNAME = "Takeyuki UEDA";
				TargetAttributes = {
					52F8E10821DF41D2001809E8 = {
						CreatedOnToolsVersion = 10.1;
					};
					52F8E11C21DF41D9001809E8 = {
						CreatedOnToolsVersion = 10.1;
						TestTargetID = 52F8E10821DF41D2001809E8;
					};
					52F8E12721DF41D9001809E8 = {
						CreatedOnToolsVersion = 10.1;
						TestTargetID = 52F8E10821DF41D2001809E8;
					};
				};
			};
			buildConfigurationList = 52F8E10421DF41D2001809E8 /* Build configuration list for PBXProject "MyBrowserApp" */;
			compatibilityVersion = "Xcode 9.3";
			developmentRegion = en;
			hasScannedForEncodings = 0;
			knownRegions = (
				en,
				Base,
			);
			mainGroup = 52F8E10021DF41D2001809E8;
			productRefGroup = 52F8E10A21DF41D2001809E8 /* Products */;
			projectDirPath = "";
			projectRoot = "";
			targets = (
				52F8E10821DF41D2001809E8 /* MyBrowserApp */,
				52F8E11C21DF41D9001809E8 /* MyBrowserAppTests */,
				52F8E12721DF41D9001809E8 /* MyBrowserAppUITests */,
			);
		};
/* End PBXProject section */

/* Begin PBXResourcesBuildPhase section */
		52F8E10721DF41D2001809E8 /* Resources */ = {
			isa = PBXResourcesBuildPhase;
			buildActionMask = 2147483647;
			files = (
				52F8E11721DF41D8001809E8 /* LaunchScreen.storyboard in Resources */,
				52F8E11421DF41D8001809E8 /* Assets.xcassets in Resources */,
				52F8E11221DF41D2001809E8 /* Main.storyboard in Resources */,
			);
			runOnlyForDeploymentPostprocessing = 0;
		};
		52F8E11B21DF41D9001809E8 /* Resources */ = {
			isa = PBXResourcesBuildPhase;
			buildActionMask = 2147483647;
			files = (
			);
			runOnlyForDeploymentPostprocessing = 0;
		};
		52F8E12621DF41D9001809E8 /* Resources */ = {
			isa = PBXResourcesBuildPhase;
			buildActionMask = 2147483647;
			files = (
			);
			runOnlyForDeploymentPostprocessing = 0;
		};
/* End PBXResourcesBuildPhase section */

/* Begin PBXSourcesBuildPhase section */
		52F8E10521DF41D2001809E8 /* Sources */ = {
			isa = PBXSourcesBuildPhase;
			buildActionMask = 2147483647;
			files = (
				52F8E10F21DF41D2001809E8 /* ViewController.swift in Sources */,
				52F8E10D21DF41D2001809E8 /* AppDelegate.swift in Sources */,
			);
			runOnlyForDeploymentPostprocessing = 0;
		};
		52F8E11921DF41D9001809E8 /* Sources */ = {
			isa = PBXSourcesBuildPhase;
			buildActionMask = 2147483647;
			files = (
				52F8E12221DF41D9001809E8 /* MyBrowserAppTests.swift in Sources */,
			);
			runOnlyForDeploymentPostprocessing = 0;
		};
		52F8E12421DF41D9001809E8 /* Sources */ = {
			isa = PBXSourcesBuildPhase;
			buildActionMask = 2147483647;
			files = (
				52F8E12D21DF41D9001809E8 /* MyBrowserAppUITests.swift in Sources */,
			);
			runOnlyForDeploymentPostprocessing = 0;
		};
/* End PBXSourcesBuildPhase section */

/* Begin PBXTargetDependency section */
		52F8E11F21DF41D9001809E8 /* PBXTargetDependency */ = {
			isa = PBXTargetDependency;
			target = 52F8E10821DF41D2001809E8 /* MyBrowserApp */;
			targetProxy = 52F8E11E21DF41D9001809E8 /* PBXContainerItemProxy */;
		};
		52F8E12A21DF41D9001809E8 /* PBXTargetDependency */ = {
			isa = PBXTargetDependency;
			target = 52F8E10821DF41D2001809E8 /* MyBrowserApp */;
			targetProxy = 52F8E12921DF41D9001809E8 /* PBXContainerItemProxy */;
		};
/* End PBXTargetDependency section */

/* Begin PBXVariantGroup section */
		52F8E11021DF41D2001809E8 /* Main.storyboard */ = {
			isa = PBXVariantGroup;
			children = (
				52F8E11121DF41D2001809E8 /* Base */,
			);
			name = Main.storyboard;
			sourceTree = "<group>";
		};
		52F8E11521DF41D8001809E8 /* LaunchScreen.storyboard */ = {
			isa = PBXVariantGroup;
			children = (
				52F8E11621DF41D8001809E8 /* Base */,
			);
			name = LaunchScreen.storyboard;
			sourceTree = "<group>";
		};
/* End PBXVariantGroup section */

/* Begin XCBuildConfiguration section */
		52F8E12F21DF41D9001809E8 /* Debug */ = {
			isa = XCBuildConfiguration;
			buildSettings = {
				ALWAYS_SEARCH_USER_PATHS = NO;
				CLANG_ANALYZER_NONNULL = YES;
				CLANG_ANALYZER_NUMBER_OBJECT_CONVERSION = YES_AGGRESSIVE;
				CLANG_CXX_LANGUAGE_STANDARD = "gnu++14";
				CLANG_CXX_LIBRARY = "libc++";
				CLANG_ENABLE_MODULES = YES;
				CLANG_ENABLE_OBJC_ARC = YES;
				CLANG_ENABLE_OBJC_WEAK = YES;
				CLANG_WARN_BLOCK_CAPTURE_AUTORELEASING = YES;
				CLANG_WARN_BOOL_CONVERSION = YES;
				CLANG_WARN_COMMA = YES;
				CLANG_WARN_CONSTANT_CONVERSION = YES;
				CLANG_WARN_DEPRECATED_OBJC_IMPLEMENTATIONS = YES;
				CLANG_WARN_DIRECT_OBJC_ISA_USAGE = YES_ERROR;
				CLANG_WARN_DOCUMENTATION_COMMENTS = YES;
				CLANG_WARN_EMPTY_BODY = YES;
				CLANG_WARN_ENUM_CONVERSION = YES;
				CLANG_WARN_INFINITE_RECURSION = YES;
				CLANG_WARN_INT_CONVERSION = YES;
				CLANG_WARN_NON_LITERAL_NULL_CONVERSION = YES;
				CLANG_WARN_OBJC_IMPLICIT_RETAIN_SELF = YES;
				CLANG_WARN_OBJC_LITERAL_CONVERSION = YES;
				CLANG_WARN_OBJC_ROOT_CLASS = YES_ERROR;
				CLANG_WARN_RANGE_LOOP_ANALYSIS = YES;
				CLANG_WARN_STRICT_PROTOTYPES = YES;
				CLANG_WARN_SUSPICIOUS_MOVE = YES;
				CLANG_WARN_UNGUARDED_AVAILABILITY = YES_AGGRESSIVE;
				CLANG_WARN_UNREACHABLE_CODE = YES;
				CLANG_WARN__DUPLICATE_METHOD_MATCH = YES;
				CODE_SIGN_IDENTITY = "iPhone Developer";
				COPY_PHASE_STRIP = NO;
				DEBUG_INFORMATION_FORMAT = dwarf;
				ENABLE_STRICT_OBJC_MSGSEND = YES;
				ENABLE_TESTABILITY = YES;
				GCC_C_LANGUAGE_STANDARD = gnu11;
				GCC_DYNAMIC_NO_PIC = NO;
				GCC_NO_COMMON_BLOCKS = YES;
				GCC_OPTIMIZATION_LEVEL = 0;
				GCC_PREPROCESSOR_DEFINITIONS = (
					"DEBUG=1",
					"$(inherited)",
				);
				GCC_WARN_64_TO_32_BIT_CONVERSION = YES;
				GCC_WARN_ABOUT_RETURN_TYPE = YES_ERROR;
				GCC_WARN_UNDECLARED_SELECTOR = YES;
				GCC_WARN_UNINITIALIZED_AUTOS = YES_AGGRESSIVE;
				GCC_WARN_UNUSED_FUNCTION = YES;
				GCC_WARN_UNUSED_VARIABLE = YES;
				IPHONEOS_DEPLOYMENT_TARGET = 12.1;
				MTL_ENABLE_DEBUG_INFO = INCLUDE_SOURCE;
				MTL_FAST_MATH = YES;
				ONLY_ACTIVE_ARCH = YES;
				SDKROOT = iphoneos;
				SWIFT_ACTIVE_COMPILATION_CONDITIONS = DEBUG;
				SWIFT_OPTIMIZATION_LEVEL = "-Onone";
			};
			name = Debug;
		};
		52F8E13021DF41D9001809E8 /* Release */ = {
			isa = XCBuildConfiguration;
			buildSettings = {
				ALWAYS_SEARCH_USER_PATHS = NO;
				CLANG_ANALYZER_NONNULL = YES;
				CLANG_ANALYZER_NUMBER_OBJECT_CONVERSION = YES_AGGRESSIVE;
				CLANG_CXX_LANGUAGE_STANDARD = "gnu++14";
				CLANG_CXX_LIBRARY = "libc++";
				CLANG_ENABLE_MODULES = YES;
				CLANG_ENABLE_OBJC_ARC = YES;
				CLANG_ENABLE_OBJC_WEAK = YES;
				CLANG_WARN_BLOCK_CAPTURE_AUTORELEASING = YES;
				CLANG_WARN_BOOL_CONVERSION = YES;
				CLANG_WARN_COMMA = YES;
				CLANG_WARN_CONSTANT_CONVERSION = YES;
				CLANG_WARN_DEPRECATED_OBJC_IMPLEMENTATIONS = YES;
				CLANG_WARN_DIRECT_OBJC_ISA_USAGE = YES_ERROR;
				CLANG_WARN_DOCUMENTATION_COMMENTS = YES;
				CLANG_WARN_EMPTY_BODY = YES;
				CLANG_WARN_ENUM_CONVERSION = YES;
				CLANG_WARN_INFINITE_RECURSION = YES;
				CLANG_WARN_INT_CONVERSION = YES;
				CLANG_WARN_NON_LITERAL_NULL_CONVERSION = YES;
				CLANG_WARN_OBJC_IMPLICIT_RETAIN_SELF = YES;
				CLANG_WARN_OBJC_LITERAL_CONVERSION = YES;
				CLANG_WARN_OBJC_ROOT_CLASS = YES_ERROR;
				CLANG_WARN_RANGE_LOOP_ANALYSIS = YES;
				CLANG_WARN_STRICT_PROTOTYPES = YES;
				CLANG_WARN_SUSPICIOUS_MOVE = YES;
				CLANG_WARN_UNGUARDED_AVAILABILITY = YES_AGGRESSIVE;
				CLANG_WARN_UNREACHABLE_CODE = YES;
				CLANG_WARN__DUPLICATE_METHOD_MATCH = YES;
				CODE_SIGN_IDENTITY = "iPhone Developer";
				COPY_PHASE_STRIP = NO;
				DEBUG_INFORMATION_FORMAT = "dwarf-with-dsym";
				ENABLE_NS_ASSERTIONS = NO;
				ENABLE_STRICT_OBJC_MSGSEND = YES;
				GCC_C_LANGUAGE_STANDARD = gnu11;
				GCC_NO_COMMON_BLOCKS = YES;
				GCC_WARN_64_TO_32_BIT_CONVERSION = YES;
				GCC_WARN_ABOUT_RETURN_TYPE = YES_ERROR;
				GCC_WARN_UNDECLARED_SELECTOR = YES;
				GCC_WARN_UNINITIALIZED_AUTOS = YES_AGGRESSIVE;
				GCC_WARN_UNUSED_FUNCTION = YES;
				GCC_WARN_UNUSED_VARIABLE = YES;
				IPHONEOS_DEPLOYMENT_TARGET = 12.1;
				MTL_ENABLE_DEBUG_INFO = NO;
				MTL_FAST_MATH = YES;
				SDKROOT = iphoneos;
				SWIFT_COMPILATION_MODE = wholemodule;
				SWIFT_OPTIMIZATION_LEVEL = "-O";
				VALIDATE_PRODUCT = YES;
			};
			name = Release;
		};
		52F8E13221DF41D9001809E8 /* Debug */ = {
			isa = XCBuildConfiguration;
			buildSettings = {
				ASSETCATALOG_COMPILER_APPICON_NAME = AppIcon;
				CODE_SIGN_STYLE = Automatic;
				INFOPLIST_FILE = MyBrowserApp/Info.plist;
				LD_RUNPATH_SEARCH_PATHS = (
					"$(inherited)",
					"@executable_path/Frameworks",
				);
				PRODUCT_BUNDLE_IDENTIFIER = com.uedasoft.MyBrowserApp;
				PRODUCT_NAME = "$(TARGET_NAME)";
				SWIFT_VERSION = 4.2;
				TARGETED_DEVICE_FAMILY = "1,2";
			};
			name = Debug;
		};
		52F8E13321DF41D9001809E8 /* Release */ = {
			isa = XCBuildConfiguration;
			buildSettings = {
				ASSETCATALOG_COMPILER_APPICON_NAME = AppIcon;
				CODE_SIGN_STYLE = Automatic;
				INFOPLIST_FILE = MyBrowserApp/Info.plist;
				LD_RUNPATH_SEARCH_PATHS = (
					"$(inherited)",
					"@executable_path/Frameworks",
				);
				PRODUCT_BUNDLE_IDENTIFIER = com.uedasoft.MyBrowserApp;
				PRODUCT_NAME = "$(TARGET_NAME)";
				SWIFT_VERSION = 4.2;
				TARGETED_DEVICE_FAMILY = "1,2";
			};
			name = Release;
		};
		52F8E13521DF41D9001809E8 /* Debug */ = {
			isa = XCBuildConfiguration;
			buildSettings = {
				ALWAYS_EMBED_SWIFT_STANDARD_LIBRARIES = YES;
				BUNDLE_LOADER = "$(TEST_HOST)";
				CODE_SIGN_STYLE = Automatic;
				INFOPLIST_FILE = MyBrowserAppTests/Info.plist;
				LD_RUNPATH_SEARCH_PATHS = (
					"$(inherited)",
					"@executable_path/Frameworks",
					"@loader_path/Frameworks",
				);
				PRODUCT_BUNDLE_IDENTIFIER = com.uedasoft.MyBrowserAppTests;
				PRODUCT_NAME = "$(TARGET_NAME)";
				SWIFT_VERSION = 4.2;
				TARGETED_DEVICE_FAMILY = "1,2";
				TEST_HOST = "$(BUILT_PRODUCTS_DIR)/MyBrowserApp.app/MyBrowserApp";
			};
			name = Debug;
		};
		52F8E13621DF41D9001809E8 /* Release */ = {
			isa = XCBuildConfiguration;
			buildSettings = {
				ALWAYS_EMBED_SWIFT_STANDARD_LIBRARIES = YES;
				BUNDLE_LOADER = "$(TEST_HOST)";
				CODE_SIGN_STYLE = Automatic;
				INFOPLIST_FILE = MyBrowserAppTests/Info.plist;
				LD_RUNPATH_SEARCH_PATHS = (
					"$(inherited)",
					"@executable_path/Frameworks",
					"@loader_path/Frameworks",
				);
				PRODUCT_BUNDLE_IDENTIFIER = com.uedasoft.MyBrowserAppTests;
				PRODUCT_NAME = "$(TARGET_NAME)";
				SWIFT_VERSION = 4.2;
				TARGETED_DEVICE_FAMILY = "1,2";
				TEST_HOST = "$(BUILT_PRODUCTS_DIR)/MyBrowserApp.app/MyBrowserApp";
			};
			name = Release;
		};
		52F8E13821DF41D9001809E8 /* Debug */ = {
			isa = XCBuildConfiguration;
			buildSettings = {
				ALWAYS_EMBED_SWIFT_STANDARD_LIBRARIES = YES;
				CODE_SIGN_STYLE = Automatic;
				INFOPLIST_FILE = MyBrowserAppUITests/Info.plist;
				LD_RUNPATH_SEARCH_PATHS = (
					"$(inherited)",
					"@executable_path/Frameworks",
					"@loader_path/Frameworks",
				);
				PRODUCT_BUNDLE_IDENTIFIER = com.uedasoft.MyBrowserAppUITests;
				PRODUCT_NAME = "$(TARGET_NAME)";
				SWIFT_VERSION = 4.2;
				TARGETED_DEVICE_FAMILY = "1,2";
				TEST_TARGET_NAME = MyBrowserApp;
			};
			name = Debug;
		};
		52F8E13921DF41D9001809E8 /* Release */ = {
			isa = XCBuildConfiguration;
			buildSettings = {
				ALWAYS_EMBED_SWIFT_STANDARD_LIBRARIES = YES;
				CODE_SIGN_STYLE = Automatic;
				INFOPLIST_FILE = MyBrowserAppUITests/Info.plist;
				LD_RUNPATH_SEARCH_PATHS = (
					"$(inherited)",
					"@executable_path/Frameworks",
					"@loader_path/Frameworks",
				);
				PRODUCT_BUNDLE_IDENTIFIER = com.uedasoft.MyBrowserAppUITests;
				PRODUCT_NAME = "$(TARGET_NAME)";
				SWIFT_VERSION = 4.2;
				TARGETED_DEVICE_FAMILY = "1,2";
				TEST_TARGET_NAME = MyBrowserApp;
			};
			name = Release;
		};
/* End XCBuildConfiguration section */

/* Begin XCConfigurationList section */
		52F8E10421DF41D2001809E8 /* Build configuration list for PBXProject "MyBrowserApp" */ = {
			isa = XCConfigurationList;
			buildConfigurations = (
				52F8E12F21DF41D9001809E8 /* Debug */,
				52F8E13021DF41D9001809E8 /* Release */,
			);
			defaultConfigurationIsVisible = 0;
			defaultConfigurationName = Release;
		};
		52F8E13121DF41D9001809E8 /* Build configuration list for PBXNativeTarget "MyBrowserApp" */ = {
			isa = XCConfigurationList;
			buildConfigurations = (
				52F8E13221DF41D9001809E8 /* Debug */,
				52F8E13321DF41D9001809E8 /* Release */,
			);
			defaultConfigurationIsVisible = 0;
			defaultConfigurationName = Release;
		};
		52F8E13421DF41D9001809E8 /* Build configuration list for PBXNativeTarget "MyBrowserAppTests" */ = {
			isa = XCConfigurationList;
			buildConfigurations = (
				52F8E13521DF41D9001809E8 /* Debug */,
				52F8E13621DF41D9001809E8 /* Release */,
			);
			defaultConfigurationIsVisible = 0;
			defaultConfigurationName = Release;
		};
		52F8E13721DF41D9001809E8 /* Build configuration list for PBXNativeTarget "MyBrowserAppUITests" */ = {
			isa = XCConfigurationList;
			buildConfigurations = (
				52F8E13821DF41D9001809E8 /* Debug */,
				52F8E13921DF41D9001809E8 /* Release */,
			);
			defaultConfigurationIsVisible = 0;
			defaultConfigurationName = Release;
		};
/* End XCConfigurationList section */
	};
	rootObject = 52F8E10121DF41D2001809E8 /* Project object */;
}
